// !$*UTF8*$!
{
	archiveVersion = 1;
	classes = {
	};
	objectVersion = 56;
	objects = {

/* Begin PBXBuildFile section */
		A11B59F22B7BBCF1005F55F1 /* Realm in Frameworks */ = {isa = PBXBuildFile; productRef = A11B59F12B7BBCF1005F55F1 /* Realm */; };
		A11B59F42B7BBCF1005F55F1 /* RealmSwift in Frameworks */ = {isa = PBXBuildFile; productRef = A11B59F32B7BBCF1005F55F1 /* RealmSwift */; };
		A1267DA42B7E5846009EF9D3 /* EditingViewController.swift in Sources */ = {isa = PBXBuildFile; fileRef = A1267DA32B7E5846009EF9D3 /* EditingViewController.swift */; };
		A18071312B7B34010021D3B3 /* AppDelegate.swift in Sources */ = {isa = PBXBuildFile; fileRef = A18071302B7B34010021D3B3 /* AppDelegate.swift */; };
		A18071332B7B34010021D3B3 /* SceneDelegate.swift in Sources */ = {isa = PBXBuildFile; fileRef = A18071322B7B34010021D3B3 /* SceneDelegate.swift */; };
		A180713A2B7B34020021D3B3 /* Assets.xcassets in Resources */ = {isa = PBXBuildFile; fileRef = A18071392B7B34020021D3B3 /* Assets.xcassets */; };
		A180713D2B7B34020021D3B3 /* LaunchScreen.storyboard in Resources */ = {isa = PBXBuildFile; fileRef = A180713B2B7B34020021D3B3 /* LaunchScreen.storyboard */; };
		A18071452B7B37090021D3B3 /* NotesViewController.swift in Sources */ = {isa = PBXBuildFile; fileRef = A18071442B7B37090021D3B3 /* NotesViewController.swift */; };
		A1A595352B7CD7370060015B /* Notes.swift in Sources */ = {isa = PBXBuildFile; fileRef = A1A595342B7CD7370060015B /* Notes.swift */; };
/* End PBXBuildFile section */

/* Begin PBXFileReference section */
		A1267DA32B7E5846009EF9D3 /* EditingViewController.swift */ = {isa = PBXFileReference; lastKnownFileType = sourcecode.swift; path = EditingViewController.swift; sourceTree = "<group>"; };
		A180712D2B7B34010021D3B3 /* Заметки.app */ = {isa = PBXFileReference; explicitFileType = wrapper.application; includeInIndex = 0; path = "Заметки.app"; sourceTree = BUILT_PRODUCTS_DIR; };
		A18071302B7B34010021D3B3 /* AppDelegate.swift */ = {isa = PBXFileReference; lastKnownFileType = sourcecode.swift; path = AppDelegate.swift; sourceTree = "<group>"; };
		A18071322B7B34010021D3B3 /* SceneDelegate.swift */ = {isa = PBXFileReference; lastKnownFileType = sourcecode.swift; path = SceneDelegate.swift; sourceTree = "<group>"; };
		A18071392B7B34020021D3B3 /* Assets.xcassets */ = {isa = PBXFileReference; lastKnownFileType = folder.assetcatalog; path = Assets.xcassets; sourceTree = "<group>"; };
		A180713C2B7B34020021D3B3 /* Base */ = {isa = PBXFileReference; lastKnownFileType = file.storyboard; name = Base; path = Base.lproj/LaunchScreen.storyboard; sourceTree = "<group>"; };
		A180713E2B7B34020021D3B3 /* Info.plist */ = {isa = PBXFileReference; lastKnownFileType = text.plist.xml; path = Info.plist; sourceTree = "<group>"; };
		A18071442B7B37090021D3B3 /* NotesViewController.swift */ = {isa = PBXFileReference; lastKnownFileType = sourcecode.swift; path = NotesViewController.swift; sourceTree = "<group>"; };
		A1A595342B7CD7370060015B /* Notes.swift */ = {isa = PBXFileReference; lastKnownFileType = sourcecode.swift; path = Notes.swift; sourceTree = "<group>"; };
/* End PBXFileReference section */

/* Begin PBXFrameworksBuildPhase section */
		A180712A2B7B34010021D3B3 /* Frameworks */ = {
			isa = PBXFrameworksBuildPhase;
			buildActionMask = 2147483647;
			files = (
				A11B59F42B7BBCF1005F55F1 /* RealmSwift in Frameworks */,
				A11B59F22B7BBCF1005F55F1 /* Realm in Frameworks */,
			);
			runOnlyForDeploymentPostprocessing = 0;
		};
/* End PBXFrameworksBuildPhase section */

/* Begin PBXGroup section */
		A18071242B7B34010021D3B3 = {
			isa = PBXGroup;
			children = (
				A180712F2B7B34010021D3B3 /* Заметки */,
				A180712E2B7B34010021D3B3 /* Products */,
			);
			sourceTree = "<group>";
		};
		A180712E2B7B34010021D3B3 /* Products */ = {
			isa = PBXGroup;
			children = (
				A180712D2B7B34010021D3B3 /* Заметки.app */,
			);
			name = Products;
			sourceTree = "<group>";
		};
		A180712F2B7B34010021D3B3 /* Заметки */ = {
			isa = PBXGroup;
			children = (
				A18071302B7B34010021D3B3 /* AppDelegate.swift */,
				A18071322B7B34010021D3B3 /* SceneDelegate.swift */,
				A187D4932B83719A00E2F0A7 /* VC's */,
				A187D4942B8371AF00E2F0A7 /* Models */,
				A18071392B7B34020021D3B3 /* Assets.xcassets */,
				A180713B2B7B34020021D3B3 /* LaunchScreen.storyboard */,
				A180713E2B7B34020021D3B3 /* Info.plist */,
			);
			path = "Заметки";
			sourceTree = "<group>";
		};
		A187D4932B83719A00E2F0A7 /* VC's */ = {
			isa = PBXGroup;
			children = (
				A18071442B7B37090021D3B3 /* NotesViewController.swift */,
				A1267DA32B7E5846009EF9D3 /* EditingViewController.swift */,
			);
			path = "VC's";
			sourceTree = "<group>";
		};
		A187D4942B8371AF00E2F0A7 /* Models */ = {
			isa = PBXGroup;
			children = (
				A1A595342B7CD7370060015B /* Notes.swift */,
			);
			path = Models;
			sourceTree = "<group>";
		};
/* End PBXGroup section */

/* Begin PBXNativeTarget section */
		A180712C2B7B34010021D3B3 /* Заметки */ = {
			isa = PBXNativeTarget;
			buildConfigurationList = A18071412B7B34020021D3B3 /* Build configuration list for PBXNativeTarget "Заметки" */;
			buildPhases = (
				A18071292B7B34010021D3B3 /* Sources */,
				A180712A2B7B34010021D3B3 /* Frameworks */,
				A180712B2B7B34010021D3B3 /* Resources */,
			);
			buildRules = (
			);
			dependencies = (
			);
			name = "Заметки";
			packageProductDependencies = (
				A11B59F12B7BBCF1005F55F1 /* Realm */,
				A11B59F32B7BBCF1005F55F1 /* RealmSwift */,
			);
			productName = "Заметки";
			productReference = A180712D2B7B34010021D3B3 /* Заметки.app */;
			productType = "com.apple.product-type.application";
		};
/* End PBXNativeTarget section */

/* Begin PBXProject section */
		A18071252B7B34010021D3B3 /* Project object */ = {
			isa = PBXProject;
			attributes = {
				BuildIndependentTargetsInParallel = 1;
				LastSwiftUpdateCheck = 1420;
				LastUpgradeCheck = 1420;
				TargetAttributes = {
					A180712C2B7B34010021D3B3 = {
						CreatedOnToolsVersion = 14.2;
					};
				};
			};
			buildConfigurationList = A18071282B7B34010021D3B3 /* Build configuration list for PBXProject "Заметки" */;
			compatibilityVersion = "Xcode 14.0";
			developmentRegion = en;
			hasScannedForEncodings = 0;
			knownRegions = (
				en,
				Base,
			);
			mainGroup = A18071242B7B34010021D3B3;
			packageReferences = (
				A11B59F02B7BBCF1005F55F1 /* XCRemoteSwiftPackageReference "realm-swift" */,
			);
			productRefGroup = A180712E2B7B34010021D3B3 /* Products */;
			projectDirPath = "";
			projectRoot = "";
			targets = (
				A180712C2B7B34010021D3B3 /* Заметки */,
			);
		};
/* End PBXProject section */

/* Begin PBXResourcesBuildPhase section */
		A180712B2B7B34010021D3B3 /* Resources */ = {
			isa = PBXResourcesBuildPhase;
			buildActionMask = 2147483647;
			files = (
				A180713D2B7B34020021D3B3 /* LaunchScreen.storyboard in Resources */,
				A180713A2B7B34020021D3B3 /* Assets.xcassets in Resources */,
			);
			runOnlyForDeploymentPostprocessing = 0;
		};
/* End PBXResourcesBuildPhase section */

/* Begin PBXSourcesBuildPhase section */
		A18071292B7B34010021D3B3 /* Sources */ = {
			isa = PBXSourcesBuildPhase;
			buildActionMask = 2147483647;
			files = (
				A18071452B7B37090021D3B3 /* NotesViewController.swift in Sources */,
				A18071312B7B34010021D3B3 /* AppDelegate.swift in Sources */,
				A18071332B7B34010021D3B3 /* SceneDelegate.swift in Sources */,
				A1267DA42B7E5846009EF9D3 /* EditingViewController.swift in Sources */,
				A1A595352B7CD7370060015B /* Notes.swift in Sources */,
			);
			runOnlyForDeploymentPostprocessing = 0;
		};
/* End PBXSourcesBuildPhase section */

/* Begin PBXVariantGroup section */
		A180713B2B7B34020021D3B3 /* LaunchScreen.storyboard */ = {
			isa = PBXVariantGroup;
			children = (
				A180713C2B7B34020021D3B3 /* Base */,
			);
			name = LaunchScreen.storyboard;
			sourceTree = "<group>";
		};
/* End PBXVariantGroup section */

/* Begin XCBuildConfiguration section */
		A180713F2B7B34020021D3B3 /* Debug */ = {
			isa = XCBuildConfiguration;
			buildSettings = {
				ALWAYS_SEARCH_USER_PATHS = NO;
				CLANG_ANALYZER_NONNULL = YES;
				CLANG_ANALYZER_NUMBER_OBJECT_CONVERSION = YES_AGGRESSIVE;
				CLANG_CXX_LANGUAGE_STANDARD = "gnu++20";
				CLANG_ENABLE_MODULES = YES;
				CLANG_ENABLE_OBJC_ARC = YES;
				CLANG_ENABLE_OBJC_WEAK = YES;
				CLANG_WARN_BLOCK_CAPTURE_AUTORELEASING = YES;
				CLANG_WARN_BOOL_CONVERSION = YES;
				CLANG_WARN_COMMA = YES;
				CLANG_WARN_CONSTANT_CONVERSION = YES;
				CLANG_WARN_DEPRECATED_OBJC_IMPLEMENTATIONS = YES;
				CLANG_WARN_DIRECT_OBJC_ISA_USAGE = YES_ERROR;
				CLANG_WARN_DOCUMENTATION_COMMENTS = YES;
				CLANG_WARN_EMPTY_BODY = YES;
				CLANG_WARN_ENUM_CONVERSION = YES;
				CLANG_WARN_INFINITE_RECURSION = YES;
				CLANG_WARN_INT_CONVERSION = YES;
				CLANG_WARN_NON_LITERAL_NULL_CONVERSION = YES;
				CLANG_WARN_OBJC_IMPLICIT_RETAIN_SELF = YES;
				CLANG_WARN_OBJC_LITERAL_CONVERSION = YES;
				CLANG_WARN_OBJC_ROOT_CLASS = YES_ERROR;
				CLANG_WARN_QUOTED_INCLUDE_IN_FRAMEWORK_HEADER = YES;
				CLANG_WARN_RANGE_LOOP_ANALYSIS = YES;
				CLANG_WARN_STRICT_PROTOTYPES = YES;
				CLANG_WARN_SUSPICIOUS_MOVE = YES;
				CLANG_WARN_UNGUARDED_AVAILABILITY = YES_AGGRESSIVE;
				CLANG_WARN_UNREACHABLE_CODE = YES;
				CLANG_WARN__DUPLICATE_METHOD_MATCH = YES;
				COPY_PHASE_STRIP = NO;
				DEBUG_INFORMATION_FORMAT = dwarf;
				ENABLE_STRICT_OBJC_MSGSEND = YES;
				ENABLE_TESTABILITY = YES;
				GCC_C_LANGUAGE_STANDARD = gnu11;
				GCC_DYNAMIC_NO_PIC = NO;
				GCC_NO_COMMON_BLOCKS = YES;
				GCC_OPTIMIZATION_LEVEL = 0;
				GCC_PREPROCESSOR_DEFINITIONS = (
					"DEBUG=1",
					"$(inherited)",
				);
				GCC_WARN_64_TO_32_BIT_CONVERSION = YES;
				GCC_WARN_ABOUT_RETURN_TYPE = YES_ERROR;
				GCC_WARN_UNDECLARED_SELECTOR = YES;
				GCC_WARN_UNINITIALIZED_AUTOS = YES_AGGRESSIVE;
				GCC_WARN_UNUSED_FUNCTION = YES;
				GCC_WARN_UNUSED_VARIABLE = YES;
				IPHONEOS_DEPLOYMENT_TARGET = 16.2;
				MTL_ENABLE_DEBUG_INFO = INCLUDE_SOURCE;
				MTL_FAST_MATH = YES;
				ONLY_ACTIVE_ARCH = YES;
				SDKROOT = iphoneos;
				SWIFT_ACTIVE_COMPILATION_CONDITIONS = DEBUG;
				SWIFT_OPTIMIZATION_LEVEL = "-Onone";
			};
			name = Debug;
		};
		A18071402B7B34020021D3B3 /* Release */ = {
			isa = XCBuildConfiguration;
			buildSettings = {
				ALWAYS_SEARCH_USER_PATHS = NO;
				CLANG_ANALYZER_NONNULL = YES;
				CLANG_ANALYZER_NUMBER_OBJECT_CONVERSION = YES_AGGRESSIVE;
				CLANG_CXX_LANGUAGE_STANDARD = "gnu++20";
				CLANG_ENABLE_MODULES = YES;
				CLANG_ENABLE_OBJC_ARC = YES;
				CLANG_ENABLE_OBJC_WEAK = YES;
				CLANG_WARN_BLOCK_CAPTURE_AUTORELEASING = YES;
				CLANG_WARN_BOOL_CONVERSION = YES;
				CLANG_WARN_COMMA = YES;
				CLANG_WARN_CONSTANT_CONVERSION = YES;
				CLANG_WARN_DEPRECATED_OBJC_IMPLEMENTATIONS = YES;
				CLANG_WARN_DIRECT_OBJC_ISA_USAGE = YES_ERROR;
				CLANG_WARN_DOCUMENTATION_COMMENTS = YES;
				CLANG_WARN_EMPTY_BODY = YES;
				CLANG_WARN_ENUM_CONVERSION = YES;
				CLANG_WARN_INFINITE_RECURSION = YES;
				CLANG_WARN_INT_CONVERSION = YES;
				CLANG_WARN_NON_LITERAL_NULL_CONVERSION = YES;
				CLANG_WARN_OBJC_IMPLICIT_RETAIN_SELF = YES;
				CLANG_WARN_OBJC_LITERAL_CONVERSION = YES;
				CLANG_WARN_OBJC_ROOT_CLASS = YES_ERROR;
				CLANG_WARN_QUOTED_INCLUDE_IN_FRAMEWORK_HEADER = YES;
				CLANG_WARN_RANGE_LOOP_ANALYSIS = YES;
				CLANG_WARN_STRICT_PROTOTYPES = YES;
				CLANG_WARN_SUSPICIOUS_MOVE = YES;
				CLANG_WARN_UNGUARDED_AVAILABILITY = YES_AGGRESSIVE;
				CLANG_WARN_UNREACHABLE_CODE = YES;
				CLANG_WARN__DUPLICATE_METHOD_MATCH = YES;
				COPY_PHASE_STRIP = NO;
				DEBUG_INFORMATION_FORMAT = "dwarf-with-dsym";
				ENABLE_NS_ASSERTIONS = NO;
				ENABLE_STRICT_OBJC_MSGSEND = YES;
				GCC_C_LANGUAGE_STANDARD = gnu11;
				GCC_NO_COMMON_BLOCKS = YES;
				GCC_WARN_64_TO_32_BIT_CONVERSION = YES;
				GCC_WARN_ABOUT_RETURN_TYPE = YES_ERROR;
				GCC_WARN_UNDECLARED_SELECTOR = YES;
				GCC_WARN_UNINITIALIZED_AUTOS = YES_AGGRESSIVE;
				GCC_WARN_UNUSED_FUNCTION = YES;
				GCC_WARN_UNUSED_VARIABLE = YES;
				IPHONEOS_DEPLOYMENT_TARGET = 16.2;
				MTL_ENABLE_DEBUG_INFO = NO;
				MTL_FAST_MATH = YES;
				SDKROOT = iphoneos;
				SWIFT_COMPILATION_MODE = wholemodule;
				SWIFT_OPTIMIZATION_LEVEL = "-O";
				VALIDATE_PRODUCT = YES;
			};
			name = Release;
		};
		A18071422B7B34020021D3B3 /* Debug */ = {
			isa = XCBuildConfiguration;
			buildSettings = {
				ASSETCATALOG_COMPILER_APPICON_NAME = AppIcon;
				ASSETCATALOG_COMPILER_GLOBAL_ACCENT_COLOR_NAME = AccentColor;
				CODE_SIGN_STYLE = Automatic;
				CURRENT_PROJECT_VERSION = 1;
				DEVELOPMENT_TEAM = CZQUC67234;
				GENERATE_INFOPLIST_FILE = YES;
				INFOPLIST_FILE = "Заметки/Info.plist";
				INFOPLIST_KEY_UIApplicationSupportsIndirectInputEvents = YES;
				INFOPLIST_KEY_UILaunchStoryboardName = LaunchScreen;
				INFOPLIST_KEY_UISupportedInterfaceOrientations_iPad = "UIInterfaceOrientationPortrait UIInterfaceOrientationPortraitUpsideDown UIInterfaceOrientationLandscapeLeft UIInterfaceOrientationLandscapeRight";
				INFOPLIST_KEY_UISupportedInterfaceOrientations_iPhone = "UIInterfaceOrientationPortrait UIInterfaceOrientationLandscapeLeft UIInterfaceOrientationLandscapeRight";
				LD_RUNPATH_SEARCH_PATHS = (
					"$(inherited)",
					"@executable_path/Frameworks",
				);
				MARKETING_VERSION = 1.0;
				PRODUCT_BUNDLE_IDENTIFIER = "MeAndMyself.-------";
				PRODUCT_NAME = "$(TARGET_NAME)";
				SWIFT_EMIT_LOC_STRINGS = YES;
				SWIFT_VERSION = 5.0;
				TARGETED_DEVICE_FAMILY = "1,2";
			};
			name = Debug;
		};
		A18071432B7B34020021D3B3 /* Release */ = {
			isa = XCBuildConfiguration;
			buildSettings = {
				ASSETCATALOG_COMPILER_APPICON_NAME = AppIcon;
				ASSETCATALOG_COMPILER_GLOBAL_ACCENT_COLOR_NAME = AccentColor;
				CODE_SIGN_STYLE = Automatic;
				CURRENT_PROJECT_VERSION = 1;
				DEVELOPMENT_TEAM = CZQUC67234;
				GENERATE_INFOPLIST_FILE = YES;
				INFOPLIST_FILE = "Заметки/Info.plist";
				INFOPLIST_KEY_UIApplicationSupportsIndirectInputEvents = YES;
				INFOPLIST_KEY_UILaunchStoryboardName = LaunchScreen;
				INFOPLIST_KEY_UISupportedInterfaceOrientations_iPad = "UIInterfaceOrientationPortrait UIInterfaceOrientationPortraitUpsideDown UIInterfaceOrientationLandscapeLeft UIInterfaceOrientationLandscapeRight";
				INFOPLIST_KEY_UISupportedInterfaceOrientations_iPhone = "UIInterfaceOrientationPortrait UIInterfaceOrientationLandscapeLeft UIInterfaceOrientationLandscapeRight";
				LD_RUNPATH_SEARCH_PATHS = (
					"$(inherited)",
					"@executable_path/Frameworks",
				);
				MARKETING_VERSION = 1.0;
				PRODUCT_BUNDLE_IDENTIFIER = "MeAndMyself.-------";
				PRODUCT_NAME = "$(TARGET_NAME)";
				SWIFT_EMIT_LOC_STRINGS = YES;
				SWIFT_VERSION = 5.0;
				TARGETED_DEVICE_FAMILY = "1,2";
			};
			name = Release;
		};
/* End XCBuildConfiguration section */

/* Begin XCConfigurationList section */
		A18071282B7B34010021D3B3 /* Build configuration list for PBXProject "Заметки" */ = {
			isa = XCConfigurationList;
			buildConfigurations = (
				A180713F2B7B34020021D3B3 /* Debug */,
				A18071402B7B34020021D3B3 /* Release */,
			);
			defaultConfigurationIsVisible = 0;
			defaultConfigurationName = Release;
		};
		A18071412B7B34020021D3B3 /* Build configuration list for PBXNativeTarget "Заметки" */ = {
			isa = XCConfigurationList;
			buildConfigurations = (
				A18071422B7B34020021D3B3 /* Debug */,
				A18071432B7B34020021D3B3 /* Release */,
			);
			defaultConfigurationIsVisible = 0;
			defaultConfigurationName = Release;
		};
/* End XCConfigurationList section */

/* Begin XCRemoteSwiftPackageReference section */
		A11B59F02B7BBCF1005F55F1 /* XCRemoteSwiftPackageReference "realm-swift" */ = {
			isa = XCRemoteSwiftPackageReference;
			repositoryURL = "https://github.com/realm/realm-swift.git";
			requirement = {
				kind = upToNextMajorVersion;
				minimumVersion = 10.46.0;
			};
		};
/* End XCRemoteSwiftPackageReference section */

/* Begin XCSwiftPackageProductDependency section */
		A11B59F12B7BBCF1005F55F1 /* Realm */ = {
			isa = XCSwiftPackageProductDependency;
			package = A11B59F02B7BBCF1005F55F1 /* XCRemoteSwiftPackageReference "realm-swift" */;
			productName = Realm;
		};
		A11B59F32B7BBCF1005F55F1 /* RealmSwift */ = {
			isa = XCSwiftPackageProductDependency;
			package = A11B59F02B7BBCF1005F55F1 /* XCRemoteSwiftPackageReference "realm-swift" */;
			productName = RealmSwift;
		};
/* End XCSwiftPackageProductDependency section */
	};
	rootObject = A18071252B7B34010021D3B3 /* Project object */;
}
